
Microsoft Visual Studio Solution File, Format Version 12.00
# Visual Studio Version 17
VisualStudioVersion = 17.8.34330.188
MinimumVisualStudioVersion = 10.0.40219.1
Project("{FAE04EC0-301F-11D3-BF4B-00C04F79EFBC}") = "Proyecto de Aplicada", "Proyecto de Aplicada.csproj", "{AC835AFC-60AD-4F5A-8261-771352AAF1B0}"
EndProject
Global
	GlobalSection(SolutionConfigurationPlatforms) = preSolution
		Debug|Any CPU = Debug|Any CPU
		Release|Any CPU = Release|Any CPU
	EndGlobalSection
	GlobalSection(ProjectConfigurationPlatforms) = postSolution
		{AC835AFC-60AD-4F5A-8261-771352AAF1B0}.Debug|Any CPU.ActiveCfg = Debug|Any CPU
		{AC835AFC-60AD-4F5A-8261-771352AAF1B0}.Debug|Any CPU.Build.0 = Debug|Any CPU
		{AC835AFC-60AD-4F5A-8261-771352AAF1B0}.Release|Any CPU.ActiveCfg = Release|Any CPU
		{AC835AFC-60AD-4F5A-8261-771352AAF1B0}.Release|Any CPU.Build.0 = Release|Any CPU
	EndGlobalSection
	GlobalSection(SolutionProperties) = preSolution
		HideSolutionNode = FALSE
	EndGlobalSection
	GlobalSection(ExtensibilityGlobals) = postSolution
		SolutionGuid = {BDB2FF90-2F86-4590-8FA9-53F6C9292796}
	EndGlobalSection
EndGlobal
